{
  "name": "yoobic-details-card",
  "version": "0.0.1",
  "lockfileVersion": 1,
  "requires": true,
  "dependencies": {
    "@stencil/core": {
      "version": "2.0.3",
      "resolved": "https://registry.npmjs.org/@stencil/core/-/core-2.0.3.tgz",
      "integrity": "sha512-d4qLDN7HKwJEK+ljhknD8azpM4bF49Dv7h5yG3RF+SPo8uozDq3p5ZNj1MgZoRgzh04kXNyG/MKnD8H2QN5YVw=="
    },
    "yoobic-basic-grid": {
      "version": "1.0.2",
      "resolved": "https://registry.npmjs.org/yoobic-basic-grid/-/yoobic-basic-grid-1.0.2.tgz",
      "integrity": "sha512-LolluOlzuRLA81bOAI1sFe8C4ookAdowY5ilLGpqu84MSkQ+qPh//ztOQsP/X32j18tc/DQOpr1U2CgwliTDjg==",
      "requires": {
        "@stencil/core": "^2.0.1"
      }
    }
  }
}
